
Microsoft Visual Studio Solution File, Format Version 12.00
# Visual Studio Version 16
VisualStudioVersion = 16.0.32228.343
MinimumVisualStudioVersion = 10.0.40219.1
Project("{FAE04EC0-301F-11D3-BF4B-00C04F79EFBC}") = "MyProjectAPI.Models", "MyProjectAPI.Models\MyProjectAPI.Models.csproj", "{FF2A7FA0-F0CA-4520-B219-D39249C8080B}"
EndProject
Project("{FAE04EC0-301F-11D3-BF4B-00C04F79EFBC}") = "MyProjectAPI.API", "MyProjectAPI.API\MyProjectAPI.API.csproj", "{14C21E68-316A-4622-AE79-3271D0417975}"
	ProjectSection(ProjectDependencies) = postProject
		{FF2A7FA0-F0CA-4520-B219-D39249C8080B} = {FF2A7FA0-F0CA-4520-B219-D39249C8080B}
	EndProjectSection
EndProject
Global
	GlobalSection(SolutionConfigurationPlatforms) = preSolution
		Debug|Any CPU = Debug|Any CPU
		Release|Any CPU = Release|Any CPU
	EndGlobalSection
	GlobalSection(ProjectConfigurationPlatforms) = postSolution
		{FF2A7FA0-F0CA-4520-B219-D39249C8080B}.Debug|Any CPU.ActiveCfg = Debug|Any CPU
		{FF2A7FA0-F0CA-4520-B219-D39249C8080B}.Debug|Any CPU.Build.0 = Debug|Any CPU
		{FF2A7FA0-F0CA-4520-B219-D39249C8080B}.Release|Any CPU.ActiveCfg = Release|Any CPU
		{FF2A7FA0-F0CA-4520-B219-D39249C8080B}.Release|Any CPU.Build.0 = Release|Any CPU
		{14C21E68-316A-4622-AE79-3271D0417975}.Debug|Any CPU.ActiveCfg = Debug|Any CPU
		{14C21E68-316A-4622-AE79-3271D0417975}.Debug|Any CPU.Build.0 = Debug|Any CPU
		{14C21E68-316A-4622-AE79-3271D0417975}.Release|Any CPU.ActiveCfg = Release|Any CPU
		{14C21E68-316A-4622-AE79-3271D0417975}.Release|Any CPU.Build.0 = Release|Any CPU
	EndGlobalSection
	GlobalSection(SolutionProperties) = preSolution
		HideSolutionNode = FALSE
	EndGlobalSection
	GlobalSection(ExtensibilityGlobals) = postSolution
		SolutionGuid = {78B12FC1-8DF8-4688-9AFA-BCA213F8D604}
	EndGlobalSection
EndGlobal
